
Microsoft Visual Studio Solution File, Format Version 12.00
# Visual Studio 2012
Project("{FAE04EC0-301F-11D3-BF4B-00C04F79EFBC}") = "TNT.Web.LSD.Site", "TNT.Web.LSD.Site\TNT.Web.LSD.Site.csproj", "{FEBAD46E-006D-49BD-97AA-EE08AC4644B3}"
EndProject
Project("{FAE04EC0-301F-11D3-BF4B-00C04F79EFBC}") = "TNT.Web.LSD.Models", "TNT.Web.LSD.Models\TNT.Web.LSD.Models.csproj", "{67669A84-074A-45DC-B41C-BD637B4C77FE}"
EndProject
Project("{FAE04EC0-301F-11D3-BF4B-00C04F79EFBC}") = "TNT.Web.LSD.Site.Test", "TNT.Web.LSD.Site.Test\TNT.Web.LSD.Site.Test.csproj", "{CC1761DC-6666-4651-88F7-D836421AC052}"
EndProject
Project("{FAE04EC0-301F-11D3-BF4B-00C04F79EFBC}") = "TNT.Web.LSD.DAL", "TNT.Web.LSD.DAL\TNT.Web.LSD.DAL.csproj", "{DFA617F7-B0CC-47D7-A20D-6B7EAEF24179}"
EndProject
Project("{2150E333-8FDC-42A3-9474-1A3956D46DE8}") = "Externals", "Externals", "{C9955902-14DE-4C9D-8DB5-A1AC4F6363B1}"
EndProject
Project("{FAE04EC0-301F-11D3-BF4B-00C04F79EFBC}") = "TNT.Data.Tools", "TNT.Data.Tools\TNT.Data.Tools.csproj", "{971DF3BD-9F0C-4B55-A772-70CF1A51114C}"
EndProject
Project("{FAE04EC0-301F-11D3-BF4B-00C04F79EFBC}") = "TNT.Utilities", "TNT.Utilities\TNT.Utilities.csproj", "{026B1998-3B54-4964-B172-DD4DDADC3D3D}"
EndProject
Project("{00D1A9C2-B5F0-4AF3-8072-F6C62B433612}") = "TNT.Web.LSD.Database", "TNT.Web.LSD.Database\TNT.Web.LSD.Database.sqlproj", "{CBAE1220-EE28-4084-8E04-5DF840F9BB3A}"
EndProject
Project("{FAE04EC0-301F-11D3-BF4B-00C04F79EFBC}") = "TNT.Web", "TNT.Web\TNT.Web.csproj", "{B676A47D-E976-4EA7-87A8-100715C05555}"
EndProject
Global
	GlobalSection(SolutionConfigurationPlatforms) = preSolution
		Debug (PALETTE_PROPERTIES)|Any CPU = Debug (PALETTE_PROPERTIES)|Any CPU
		Debug|Any CPU = Debug|Any CPU
		Release|Any CPU = Release|Any CPU
	EndGlobalSection
	GlobalSection(ProjectConfigurationPlatforms) = postSolution
		{FEBAD46E-006D-49BD-97AA-EE08AC4644B3}.Debug (PALETTE_PROPERTIES)|Any CPU.ActiveCfg = Debug|Any CPU
		{FEBAD46E-006D-49BD-97AA-EE08AC4644B3}.Debug (PALETTE_PROPERTIES)|Any CPU.Build.0 = Debug|Any CPU
		{FEBAD46E-006D-49BD-97AA-EE08AC4644B3}.Debug|Any CPU.ActiveCfg = Debug|Any CPU
		{FEBAD46E-006D-49BD-97AA-EE08AC4644B3}.Debug|Any CPU.Build.0 = Debug|Any CPU
		{FEBAD46E-006D-49BD-97AA-EE08AC4644B3}.Release|Any CPU.ActiveCfg = Release|Any CPU
		{FEBAD46E-006D-49BD-97AA-EE08AC4644B3}.Release|Any CPU.Build.0 = Release|Any CPU
		{67669A84-074A-45DC-B41C-BD637B4C77FE}.Debug (PALETTE_PROPERTIES)|Any CPU.ActiveCfg = Debug|Any CPU
		{67669A84-074A-45DC-B41C-BD637B4C77FE}.Debug (PALETTE_PROPERTIES)|Any CPU.Build.0 = Debug|Any CPU
		{67669A84-074A-45DC-B41C-BD637B4C77FE}.Debug|Any CPU.ActiveCfg = Debug|Any CPU
		{67669A84-074A-45DC-B41C-BD637B4C77FE}.Debug|Any CPU.Build.0 = Debug|Any CPU
		{67669A84-074A-45DC-B41C-BD637B4C77FE}.Release|Any CPU.ActiveCfg = Release|Any CPU
		{67669A84-074A-45DC-B41C-BD637B4C77FE}.Release|Any CPU.Build.0 = Release|Any CPU
		{CC1761DC-6666-4651-88F7-D836421AC052}.Debug (PALETTE_PROPERTIES)|Any CPU.ActiveCfg = Debug|Any CPU
		{CC1761DC-6666-4651-88F7-D836421AC052}.Debug (PALETTE_PROPERTIES)|Any CPU.Build.0 = Debug|Any CPU
		{CC1761DC-6666-4651-88F7-D836421AC052}.Debug|Any CPU.ActiveCfg = Debug|Any CPU
		{CC1761DC-6666-4651-88F7-D836421AC052}.Debug|Any CPU.Build.0 = Debug|Any CPU
		{CC1761DC-6666-4651-88F7-D836421AC052}.Release|Any CPU.ActiveCfg = Release|Any CPU
		{CC1761DC-6666-4651-88F7-D836421AC052}.Release|Any CPU.Build.0 = Release|Any CPU
		{DFA617F7-B0CC-47D7-A20D-6B7EAEF24179}.Debug (PALETTE_PROPERTIES)|Any CPU.ActiveCfg = Debug|Any CPU
		{DFA617F7-B0CC-47D7-A20D-6B7EAEF24179}.Debug (PALETTE_PROPERTIES)|Any CPU.Build.0 = Debug|Any CPU
		{DFA617F7-B0CC-47D7-A20D-6B7EAEF24179}.Debug|Any CPU.ActiveCfg = Debug|Any CPU
		{DFA617F7-B0CC-47D7-A20D-6B7EAEF24179}.Debug|Any CPU.Build.0 = Debug|Any CPU
		{DFA617F7-B0CC-47D7-A20D-6B7EAEF24179}.Release|Any CPU.ActiveCfg = Release|Any CPU
		{DFA617F7-B0CC-47D7-A20D-6B7EAEF24179}.Release|Any CPU.Build.0 = Release|Any CPU
		{971DF3BD-9F0C-4B55-A772-70CF1A51114C}.Debug (PALETTE_PROPERTIES)|Any CPU.ActiveCfg = Debug|Any CPU
		{971DF3BD-9F0C-4B55-A772-70CF1A51114C}.Debug (PALETTE_PROPERTIES)|Any CPU.Build.0 = Debug|Any CPU
		{971DF3BD-9F0C-4B55-A772-70CF1A51114C}.Debug|Any CPU.ActiveCfg = Debug|Any CPU
		{971DF3BD-9F0C-4B55-A772-70CF1A51114C}.Debug|Any CPU.Build.0 = Debug|Any CPU
		{971DF3BD-9F0C-4B55-A772-70CF1A51114C}.Release|Any CPU.ActiveCfg = Release|Any CPU
		{971DF3BD-9F0C-4B55-A772-70CF1A51114C}.Release|Any CPU.Build.0 = Release|Any CPU
		{026B1998-3B54-4964-B172-DD4DDADC3D3D}.Debug (PALETTE_PROPERTIES)|Any CPU.ActiveCfg = Debug (PALETTE_PROPERTIES)|Any CPU
		{026B1998-3B54-4964-B172-DD4DDADC3D3D}.Debug (PALETTE_PROPERTIES)|Any CPU.Build.0 = Debug (PALETTE_PROPERTIES)|Any CPU
		{026B1998-3B54-4964-B172-DD4DDADC3D3D}.Debug|Any CPU.ActiveCfg = Debug|Any CPU
		{026B1998-3B54-4964-B172-DD4DDADC3D3D}.Debug|Any CPU.Build.0 = Debug|Any CPU
		{026B1998-3B54-4964-B172-DD4DDADC3D3D}.Release|Any CPU.ActiveCfg = Release|Any CPU
		{026B1998-3B54-4964-B172-DD4DDADC3D3D}.Release|Any CPU.Build.0 = Release|Any CPU
		{CBAE1220-EE28-4084-8E04-5DF840F9BB3A}.Debug (PALETTE_PROPERTIES)|Any CPU.ActiveCfg = Debug|Any CPU
		{CBAE1220-EE28-4084-8E04-5DF840F9BB3A}.Debug (PALETTE_PROPERTIES)|Any CPU.Build.0 = Debug|Any CPU
		{CBAE1220-EE28-4084-8E04-5DF840F9BB3A}.Debug (PALETTE_PROPERTIES)|Any CPU.Deploy.0 = Debug|Any CPU
		{CBAE1220-EE28-4084-8E04-5DF840F9BB3A}.Debug|Any CPU.ActiveCfg = Debug|Any CPU
		{CBAE1220-EE28-4084-8E04-5DF840F9BB3A}.Debug|Any CPU.Build.0 = Debug|Any CPU
		{CBAE1220-EE28-4084-8E04-5DF840F9BB3A}.Debug|Any CPU.Deploy.0 = Debug|Any CPU
		{CBAE1220-EE28-4084-8E04-5DF840F9BB3A}.Release|Any CPU.ActiveCfg = Release|Any CPU
		{CBAE1220-EE28-4084-8E04-5DF840F9BB3A}.Release|Any CPU.Build.0 = Release|Any CPU
		{CBAE1220-EE28-4084-8E04-5DF840F9BB3A}.Release|Any CPU.Deploy.0 = Release|Any CPU
		{B676A47D-E976-4EA7-87A8-100715C05555}.Debug (PALETTE_PROPERTIES)|Any CPU.ActiveCfg = Debug|Any CPU
		{B676A47D-E976-4EA7-87A8-100715C05555}.Debug (PALETTE_PROPERTIES)|Any CPU.Build.0 = Debug|Any CPU
		{B676A47D-E976-4EA7-87A8-100715C05555}.Debug|Any CPU.ActiveCfg = Debug|Any CPU
		{B676A47D-E976-4EA7-87A8-100715C05555}.Debug|Any CPU.Build.0 = Debug|Any CPU
		{B676A47D-E976-4EA7-87A8-100715C05555}.Release|Any CPU.ActiveCfg = Release|Any CPU
		{B676A47D-E976-4EA7-87A8-100715C05555}.Release|Any CPU.Build.0 = Release|Any CPU
	EndGlobalSection
	GlobalSection(SolutionProperties) = preSolution
		HideSolutionNode = FALSE
	EndGlobalSection
	GlobalSection(NestedProjects) = preSolution
		{971DF3BD-9F0C-4B55-A772-70CF1A51114C} = {C9955902-14DE-4C9D-8DB5-A1AC4F6363B1}
		{026B1998-3B54-4964-B172-DD4DDADC3D3D} = {C9955902-14DE-4C9D-8DB5-A1AC4F6363B1}
		{B676A47D-E976-4EA7-87A8-100715C05555} = {C9955902-14DE-4C9D-8DB5-A1AC4F6363B1}
	EndGlobalSection
EndGlobal
